
Microsoft Visual Studio Solution File, Format Version 12.00
# Visual Studio Version 16
VisualStudioVersion = 16.0.29418.71
MinimumVisualStudioVersion = 10.0.40219.1
Project("{FAE04EC0-301F-11D3-BF4B-00C04F79EFBC}") = "SigPadoca", "SigPadoca.csproj", "{BE05A9E1-7DBD-4C0B-A8E5-8AD09899B31A}"
EndProject
Global
	GlobalSection(SolutionConfigurationPlatforms) = preSolution
		Debug|Any CPU = Debug|Any CPU
		Release|Any CPU = Release|Any CPU
	EndGlobalSection
	GlobalSection(ProjectConfigurationPlatforms) = postSolution
		{BE05A9E1-7DBD-4C0B-A8E5-8AD09899B31A}.Debug|Any CPU.ActiveCfg = Debug|Any CPU
		{BE05A9E1-7DBD-4C0B-A8E5-8AD09899B31A}.Debug|Any CPU.Build.0 = Debug|Any CPU
		{BE05A9E1-7DBD-4C0B-A8E5-8AD09899B31A}.Release|Any CPU.ActiveCfg = Release|Any CPU
		{BE05A9E1-7DBD-4C0B-A8E5-8AD09899B31A}.Release|Any CPU.Build.0 = Release|Any CPU
	EndGlobalSection
	GlobalSection(SolutionProperties) = preSolution
		HideSolutionNode = FALSE
	EndGlobalSection
	GlobalSection(ExtensibilityGlobals) = postSolution
		SolutionGuid = {426F78D6-E9A7-4BA8-AE0A-D17F19991737}
	EndGlobalSection
EndGlobal
